
Microsoft Visual Studio Solution File, Format Version 12.00
# Visual Studio 14
VisualStudioVersion = 14.0.24720.0
MinimumVisualStudioVersion = 10.0.40219.1
Project("{FAE04EC0-301F-11D3-BF4B-00C04F79EFBC}") = "LearningWebsite", "LearningWebsite\LearningWebsite.csproj", "{2D363450-2DE0-419B-BA4A-F0855981D411}"
EndProject
Project("{2150E333-8FDC-42A3-9474-1A3956D46DE8}") = "PublishScripts", "PublishScripts", "{FA79E4B4-6E1F-4274-B67F-AD5631FD1FBB}"
EndProject
Project("{2150E333-8FDC-42A3-9474-1A3956D46DE8}") = "Scripts", "Scripts", "{C287B51C-7ED3-406C-B398-8FB5393685DB}"
	ProjectSection(SolutionItems) = preProject
		PublishScripts\Scripts\Deploy-AzureResourceGroup.ps1 = PublishScripts\Scripts\Deploy-AzureResourceGroup.ps1
	EndProjectSection
EndProject
Project("{2150E333-8FDC-42A3-9474-1A3956D46DE8}") = "Templates", "Templates", "{4CFEB862-3516-4BB0-9081-C18B24079798}"
	ProjectSection(SolutionItems) = preProject
		PublishScripts\Templates\LearningWebsite.json = PublishScripts\Templates\LearningWebsite.json
		PublishScripts\Templates\LearningWebsite.param.dev.json = PublishScripts\Templates\LearningWebsite.param.dev.json
	EndProjectSection
EndProject
Project("{FAE04EC0-301F-11D3-BF4B-00C04F79EFBC}") = "Tests", "Tests\Tests.csproj", "{426CB484-A01F-48D8-924F-329D464C203F}"
EndProject
Global
	GlobalSection(SolutionConfigurationPlatforms) = preSolution
		Debug|Any CPU = Debug|Any CPU
		Release|Any CPU = Release|Any CPU
	EndGlobalSection
	GlobalSection(ProjectConfigurationPlatforms) = postSolution
		{2D363450-2DE0-419B-BA4A-F0855981D411}.Debug|Any CPU.ActiveCfg = Debug|Any CPU
		{2D363450-2DE0-419B-BA4A-F0855981D411}.Debug|Any CPU.Build.0 = Debug|Any CPU
		{2D363450-2DE0-419B-BA4A-F0855981D411}.Release|Any CPU.ActiveCfg = Release|Any CPU
		{2D363450-2DE0-419B-BA4A-F0855981D411}.Release|Any CPU.Build.0 = Release|Any CPU
		{426CB484-A01F-48D8-924F-329D464C203F}.Debug|Any CPU.ActiveCfg = Debug|Any CPU
		{426CB484-A01F-48D8-924F-329D464C203F}.Debug|Any CPU.Build.0 = Debug|Any CPU
		{426CB484-A01F-48D8-924F-329D464C203F}.Release|Any CPU.ActiveCfg = Release|Any CPU
		{426CB484-A01F-48D8-924F-329D464C203F}.Release|Any CPU.Build.0 = Release|Any CPU
	EndGlobalSection
	GlobalSection(SolutionProperties) = preSolution
		HideSolutionNode = FALSE
	EndGlobalSection
	GlobalSection(NestedProjects) = preSolution
		{C287B51C-7ED3-406C-B398-8FB5393685DB} = {FA79E4B4-6E1F-4274-B67F-AD5631FD1FBB}
		{4CFEB862-3516-4BB0-9081-C18B24079798} = {FA79E4B4-6E1F-4274-B67F-AD5631FD1FBB}
	EndGlobalSection
EndGlobal
